
Microsoft Visual Studio Solution File, Format Version 12.00
# Visual Studio Version 16
VisualStudioVersion = 16.0.30320.27
MinimumVisualStudioVersion = 10.0.40219.1
Project("{FAE04EC0-301F-11D3-BF4B-00C04F79EFBC}") = "RepartoSushi", "RepartoSushi\RepartoSushi.csproj", "{B1523D8F-E3B8-4C98-A969-61F0FDA56697}"
EndProject
Global
	GlobalSection(SolutionConfigurationPlatforms) = preSolution
		Debug|Any CPU = Debug|Any CPU
		Release|Any CPU = Release|Any CPU
	EndGlobalSection
	GlobalSection(ProjectConfigurationPlatforms) = postSolution
		{B1523D8F-E3B8-4C98-A969-61F0FDA56697}.Debug|Any CPU.ActiveCfg = Debug|Any CPU
		{B1523D8F-E3B8-4C98-A969-61F0FDA56697}.Debug|Any CPU.Build.0 = Debug|Any CPU
		{B1523D8F-E3B8-4C98-A969-61F0FDA56697}.Release|Any CPU.ActiveCfg = Release|Any CPU
		{B1523D8F-E3B8-4C98-A969-61F0FDA56697}.Release|Any CPU.Build.0 = Release|Any CPU
	EndGlobalSection
	GlobalSection(SolutionProperties) = preSolution
		HideSolutionNode = FALSE
	EndGlobalSection
	GlobalSection(ExtensibilityGlobals) = postSolution
		SolutionGuid = {06E480A2-3375-427F-BD35-510B08B76653}
	EndGlobalSection
EndGlobal
